// !$*UTF8*$!
{
	archiveVersion = 1;
	classes = {
	};
	objectVersion = 48;
	objects = {

/* Begin PBXBuildFile section */
		087EC0D51FBEE46C00EE7B15 /* DetailsViewController.swift in Sources */ = {isa = PBXBuildFile; fileRef = 087EC0D31FBEE46C00EE7B15 /* DetailsViewController.swift */; };
		087EC0D61FBEE46C00EE7B15 /* DetailsViewController.xib in Resources */ = {isa = PBXBuildFile; fileRef = 087EC0D41FBEE46C00EE7B15 /* DetailsViewController.xib */; };
		087EC0D91FBEE91200EE7B15 /* LoginViewController.swift in Sources */ = {isa = PBXBuildFile; fileRef = 087EC0D71FBEE91200EE7B15 /* LoginViewController.swift */; };
		087EC0DA1FBEE91200EE7B15 /* LoginViewController.xib in Resources */ = {isa = PBXBuildFile; fileRef = 087EC0D81FBEE91200EE7B15 /* LoginViewController.xib */; };
		087EC0DD1FBF033C00EE7B15 /* Cell.swift in Sources */ = {isa = PBXBuildFile; fileRef = 087EC0DB1FBF033C00EE7B15 /* Cell.swift */; };
		087EC0DE1FBF033C00EE7B15 /* Cell.xib in Resources */ = {isa = PBXBuildFile; fileRef = 087EC0DC1FBF033C00EE7B15 /* Cell.xib */; };
		0889AA1A1FD1A0B100480C7B /* Student.swift in Sources */ = {isa = PBXBuildFile; fileRef = 0889AA191FD1A0B100480C7B /* Student.swift */; };
		08CD9E711FBDE41C00A4C0F3 /* AppDelegate.swift in Sources */ = {isa = PBXBuildFile; fileRef = 08CD9E701FBDE41C00A4C0F3 /* AppDelegate.swift */; };
		08CD9E781FBDE41C00A4C0F3 /* Assets.xcassets in Resources */ = {isa = PBXBuildFile; fileRef = 08CD9E771FBDE41C00A4C0F3 /* Assets.xcassets */; };
		08CD9E7B1FBDE41C00A4C0F3 /* LaunchScreen.storyboard in Resources */ = {isa = PBXBuildFile; fileRef = 08CD9E791FBDE41C00A4C0F3 /* LaunchScreen.storyboard */; };
		08CD9E8C1FBEDE4A00A4C0F3 /* MainViewController.swift in Sources */ = {isa = PBXBuildFile; fileRef = 08CD9E8A1FBEDE4A00A4C0F3 /* MainViewController.swift */; };
		08CD9E8D1FBEDE4A00A4C0F3 /* MainViewController.xib in Resources */ = {isa = PBXBuildFile; fileRef = 08CD9E8B1FBEDE4A00A4C0F3 /* MainViewController.xib */; };
/* End PBXBuildFile section */

/* Begin PBXFileReference section */
		087EC0D31FBEE46C00EE7B15 /* DetailsViewController.swift */ = {isa = PBXFileReference; lastKnownFileType = sourcecode.swift; path = DetailsViewController.swift; sourceTree = "<group>"; };
		087EC0D41FBEE46C00EE7B15 /* DetailsViewController.xib */ = {isa = PBXFileReference; lastKnownFileType = file.xib; path = DetailsViewController.xib; sourceTree = "<group>"; };
		087EC0D71FBEE91200EE7B15 /* LoginViewController.swift */ = {isa = PBXFileReference; lastKnownFileType = sourcecode.swift; path = LoginViewController.swift; sourceTree = "<group>"; };
		087EC0D81FBEE91200EE7B15 /* LoginViewController.xib */ = {isa = PBXFileReference; lastKnownFileType = file.xib; path = LoginViewController.xib; sourceTree = "<group>"; };
		087EC0DB1FBF033C00EE7B15 /* Cell.swift */ = {isa = PBXFileReference; lastKnownFileType = sourcecode.swift; path = Cell.swift; sourceTree = "<group>"; };
		087EC0DC1FBF033C00EE7B15 /* Cell.xib */ = {isa = PBXFileReference; lastKnownFileType = file.xib; path = Cell.xib; sourceTree = "<group>"; };
		0889AA191FD1A0B100480C7B /* Student.swift */ = {isa = PBXFileReference; lastKnownFileType = sourcecode.swift; path = Student.swift; sourceTree = "<group>"; };
		08CD9E6D1FBDE41C00A4C0F3 /* initiation-swift-tp.app */ = {isa = PBXFileReference; explicitFileType = wrapper.application; includeInIndex = 0; path = "initiation-swift-tp.app"; sourceTree = BUILT_PRODUCTS_DIR; };
		08CD9E701FBDE41C00A4C0F3 /* AppDelegate.swift */ = {isa = PBXFileReference; lastKnownFileType = sourcecode.swift; path = AppDelegate.swift; sourceTree = "<group>"; };
		08CD9E771FBDE41C00A4C0F3 /* Assets.xcassets */ = {isa = PBXFileReference; lastKnownFileType = folder.assetcatalog; path = Assets.xcassets; sourceTree = "<group>"; };
		08CD9E7A1FBDE41C00A4C0F3 /* Base */ = {isa = PBXFileReference; lastKnownFileType = file.storyboard; name = Base; path = Base.lproj/LaunchScreen.storyboard; sourceTree = "<group>"; };
		08CD9E7C1FBDE41C00A4C0F3 /* Info.plist */ = {isa = PBXFileReference; lastKnownFileType = text.plist.xml; path = Info.plist; sourceTree = "<group>"; };
		08CD9E8A1FBEDE4A00A4C0F3 /* MainViewController.swift */ = {isa = PBXFileReference; lastKnownFileType = sourcecode.swift; path = MainViewController.swift; sourceTree = "<group>"; };
		08CD9E8B1FBEDE4A00A4C0F3 /* MainViewController.xib */ = {isa = PBXFileReference; lastKnownFileType = file.xib; path = MainViewController.xib; sourceTree = "<group>"; };
/* End PBXFileReference section */

/* Begin PBXFrameworksBuildPhase section */
		08CD9E6A1FBDE41C00A4C0F3 /* Frameworks */ = {
			isa = PBXFrameworksBuildPhase;
			buildActionMask = 2147483647;
			files = (
			);
			runOnlyForDeploymentPostprocessing = 0;
		};
/* End PBXFrameworksBuildPhase section */

/* Begin PBXGroup section */
		08CD9E641FBDE41C00A4C0F3 = {
			isa = PBXGroup;
			children = (
				08CD9E6F1FBDE41C00A4C0F3 /* initiation-swift-tp */,
				08CD9E6E1FBDE41C00A4C0F3 /* Products */,
			);
			sourceTree = "<group>";
		};
		08CD9E6E1FBDE41C00A4C0F3 /* Products */ = {
			isa = PBXGroup;
			children = (
				08CD9E6D1FBDE41C00A4C0F3 /* initiation-swift-tp.app */,
			);
			name = Products;
			sourceTree = "<group>";
		};
		08CD9E6F1FBDE41C00A4C0F3 /* initiation-swift-tp */ = {
			isa = PBXGroup;
			children = (
				08CD9E701FBDE41C00A4C0F3 /* AppDelegate.swift */,
				08CD9E771FBDE41C00A4C0F3 /* Assets.xcassets */,
				08CD9E791FBDE41C00A4C0F3 /* LaunchScreen.storyboard */,
				08CD9E7C1FBDE41C00A4C0F3 /* Info.plist */,
				08CD9E8A1FBEDE4A00A4C0F3 /* MainViewController.swift */,
				08CD9E8B1FBEDE4A00A4C0F3 /* MainViewController.xib */,
				087EC0D31FBEE46C00EE7B15 /* DetailsViewController.swift */,
				087EC0D41FBEE46C00EE7B15 /* DetailsViewController.xib */,
				087EC0D71FBEE91200EE7B15 /* LoginViewController.swift */,
				087EC0D81FBEE91200EE7B15 /* LoginViewController.xib */,
				087EC0DB1FBF033C00EE7B15 /* Cell.swift */,
				087EC0DC1FBF033C00EE7B15 /* Cell.xib */,
				0889AA191FD1A0B100480C7B /* Student.swift */,
			);
			path = "initiation-swift-tp";
			sourceTree = "<group>";
		};
/* End PBXGroup section */

/* Begin PBXNativeTarget section */
		08CD9E6C1FBDE41C00A4C0F3 /* initiation-swift-tp */ = {
			isa = PBXNativeTarget;
			buildConfigurationList = 08CD9E7F1FBDE41C00A4C0F3 /* Build configuration list for PBXNativeTarget "initiation-swift-tp" */;
			buildPhases = (
				08CD9E691FBDE41C00A4C0F3 /* Sources */,
				08CD9E6A1FBDE41C00A4C0F3 /* Frameworks */,
				08CD9E6B1FBDE41C00A4C0F3 /* Resources */,
			);
			buildRules = (
			);
			dependencies = (
			);
			name = "initiation-swift-tp";
			productName = "initiation-swift-tp";
			productReference = 08CD9E6D1FBDE41C00A4C0F3 /* initiation-swift-tp.app */;
			productType = "com.apple.product-type.application";
		};
/* End PBXNativeTarget section */

/* Begin PBXProject section */
		08CD9E651FBDE41C00A4C0F3 /* Project object */ = {
			isa = PBXProject;
			attributes = {
				LastSwiftUpdateCheck = 0900;
				LastUpgradeCheck = 0900;
				ORGANIZATIONNAME = "Bérangère La Touche";
				TargetAttributes = {
					08CD9E6C1FBDE41C00A4C0F3 = {
						CreatedOnToolsVersion = 9.0;
						ProvisioningStyle = Automatic;
					};
				};
			};
			buildConfigurationList = 08CD9E681FBDE41C00A4C0F3 /* Build configuration list for PBXProject "initiation-swift-tp" */;
			compatibilityVersion = "Xcode 8.0";
			developmentRegion = en;
			hasScannedForEncodings = 0;
			knownRegions = (
				en,
				Base,
			);
			mainGroup = 08CD9E641FBDE41C00A4C0F3;
			productRefGroup = 08CD9E6E1FBDE41C00A4C0F3 /* Products */;
			projectDirPath = "";
			projectRoot = "";
			targets = (
				08CD9E6C1FBDE41C00A4C0F3 /* initiation-swift-tp */,
			);
		};
/* End PBXProject section */

/* Begin PBXResourcesBuildPhase section */
		08CD9E6B1FBDE41C00A4C0F3 /* Resources */ = {
			isa = PBXResourcesBuildPhase;
			buildActionMask = 2147483647;
			files = (
				087EC0DA1FBEE91200EE7B15 /* LoginViewController.xib in Resources */,
				087EC0DE1FBF033C00EE7B15 /* Cell.xib in Resources */,
				08CD9E7B1FBDE41C00A4C0F3 /* LaunchScreen.storyboard in Resources */,
				08CD9E8D1FBEDE4A00A4C0F3 /* MainViewController.xib in Resources */,
				08CD9E781FBDE41C00A4C0F3 /* Assets.xcassets in Resources */,
				087EC0D61FBEE46C00EE7B15 /* DetailsViewController.xib in Resources */,
			);
			runOnlyForDeploymentPostprocessing = 0;
		};
/* End PBXResourcesBuildPhase section */

/* Begin PBXSourcesBuildPhase section */
		08CD9E691FBDE41C00A4C0F3 /* Sources */ = {
			isa = PBXSourcesBuildPhase;
			buildActionMask = 2147483647;
			files = (
				087EC0D91FBEE91200EE7B15 /* LoginViewController.swift in Sources */,
				0889AA1A1FD1A0B100480C7B /* Student.swift in Sources */,
				08CD9E711FBDE41C00A4C0F3 /* AppDelegate.swift in Sources */,
				087EC0DD1FBF033C00EE7B15 /* Cell.swift in Sources */,
				08CD9E8C1FBEDE4A00A4C0F3 /* MainViewController.swift in Sources */,
				087EC0D51FBEE46C00EE7B15 /* DetailsViewController.swift in Sources */,
			);
			runOnlyForDeploymentPostprocessing = 0;
		};
/* End PBXSourcesBuildPhase section */

/* Begin PBXVariantGroup section */
		08CD9E791FBDE41C00A4C0F3 /* LaunchScreen.storyboard */ = {
			isa = PBXVariantGroup;
			children = (
				08CD9E7A1FBDE41C00A4C0F3 /* Base */,
			);
			name = LaunchScreen.storyboard;
			sourceTree = "<group>";
		};
/* End PBXVariantGroup section */

/* Begin XCBuildConfiguration section */
		08CD9E7D1FBDE41C00A4C0F3 /* Debug */ = {
			isa = XCBuildConfiguration;
			buildSettings = {
				ALWAYS_SEARCH_USER_PATHS = NO;
				CLANG_ANALYZER_NONNULL = YES;
				CLANG_ANALYZER_NUMBER_OBJECT_CONVERSION = YES_AGGRESSIVE;
				CLANG_CXX_LANGUAGE_STANDARD = "gnu++14";
				CLANG_CXX_LIBRARY = "libc++";
				CLANG_ENABLE_MODULES = YES;
				CLANG_ENABLE_OBJC_ARC = YES;
				CLANG_WARN_BLOCK_CAPTURE_AUTORELEASING = YES;
				CLANG_WARN_BOOL_CONVERSION = YES;
				CLANG_WARN_COMMA = YES;
				CLANG_WARN_CONSTANT_CONVERSION = YES;
				CLANG_WARN_DIRECT_OBJC_ISA_USAGE = YES_ERROR;
				CLANG_WARN_DOCUMENTATION_COMMENTS = YES;
				CLANG_WARN_EMPTY_BODY = YES;
				CLANG_WARN_ENUM_CONVERSION = YES;
				CLANG_WARN_INFINITE_RECURSION = YES;
				CLANG_WARN_INT_CONVERSION = YES;
				CLANG_WARN_NON_LITERAL_NULL_CONVERSION = YES;
				CLANG_WARN_OBJC_LITERAL_CONVERSION = YES;
				CLANG_WARN_OBJC_ROOT_CLASS = YES_ERROR;
				CLANG_WARN_RANGE_LOOP_ANALYSIS = YES;
				CLANG_WARN_STRICT_PROTOTYPES = YES;
				CLANG_WARN_SUSPICIOUS_MOVE = YES;
				CLANG_WARN_UNGUARDED_AVAILABILITY = YES_AGGRESSIVE;
				CLANG_WARN_UNREACHABLE_CODE = YES;
				CLANG_WARN__DUPLICATE_METHOD_MATCH = YES;
				CODE_SIGN_IDENTITY = "iPhone Developer";
				COPY_PHASE_STRIP = NO;
				DEBUG_INFORMATION_FORMAT = dwarf;
				ENABLE_STRICT_OBJC_MSGSEND = YES;
				ENABLE_TESTABILITY = YES;
				GCC_C_LANGUAGE_STANDARD = gnu11;
				GCC_DYNAMIC_NO_PIC = NO;
				GCC_NO_COMMON_BLOCKS = YES;
				GCC_OPTIMIZATION_LEVEL = 0;
				GCC_PREPROCESSOR_DEFINITIONS = (
					"DEBUG=1",
					"$(inherited)",
				);
				GCC_WARN_64_TO_32_BIT_CONVERSION = YES;
				GCC_WARN_ABOUT_RETURN_TYPE = YES_ERROR;
				GCC_WARN_UNDECLARED_SELECTOR = YES;
				GCC_WARN_UNINITIALIZED_AUTOS = YES_AGGRESSIVE;
				GCC_WARN_UNUSED_FUNCTION = YES;
				GCC_WARN_UNUSED_VARIABLE = YES;
				IPHONEOS_DEPLOYMENT_TARGET = 11.0;
				MTL_ENABLE_DEBUG_INFO = YES;
				ONLY_ACTIVE_ARCH = YES;
				SDKROOT = iphoneos;
				SWIFT_ACTIVE_COMPILATION_CONDITIONS = DEBUG;
				SWIFT_OPTIMIZATION_LEVEL = "-Onone";
			};
			name = Debug;
		};
		08CD9E7E1FBDE41C00A4C0F3 /* Release */ = {
			isa = XCBuildConfiguration;
			buildSettings = {
				ALWAYS_SEARCH_USER_PATHS = NO;
				CLANG_ANALYZER_NONNULL = YES;
				CLANG_ANALYZER_NUMBER_OBJECT_CONVERSION = YES_AGGRESSIVE;
				CLANG_CXX_LANGUAGE_STANDARD = "gnu++14";
				CLANG_CXX_LIBRARY = "libc++";
				CLANG_ENABLE_MODULES = YES;
				CLANG_ENABLE_OBJC_ARC = YES;
				CLANG_WARN_BLOCK_CAPTURE_AUTORELEASING = YES;
				CLANG_WARN_BOOL_CONVERSION = YES;
				CLANG_WARN_COMMA = YES;
				CLANG_WARN_CONSTANT_CONVERSION = YES;
				CLANG_WARN_DIRECT_OBJC_ISA_USAGE = YES_ERROR;
				CLANG_WARN_DOCUMENTATION_COMMENTS = YES;
				CLANG_WARN_EMPTY_BODY = YES;
				CLANG_WARN_ENUM_CONVERSION = YES;
				CLANG_WARN_INFINITE_RECURSION = YES;
				CLANG_WARN_INT_CONVERSION = YES;
				CLANG_WARN_NON_LITERAL_NULL_CONVERSION = YES;
				CLANG_WARN_OBJC_LITERAL_CONVERSION = YES;
				CLANG_WARN_OBJC_ROOT_CLASS = YES_ERROR;
				CLANG_WARN_RANGE_LOOP_ANALYSIS = YES;
				CLANG_WARN_STRICT_PROTOTYPES = YES;
				CLANG_WARN_SUSPICIOUS_MOVE = YES;
				CLANG_WARN_UNGUARDED_AVAILABILITY = YES_AGGRESSIVE;
				CLANG_WARN_UNREACHABLE_CODE = YES;
				CLANG_WARN__DUPLICATE_METHOD_MATCH = YES;
				CODE_SIGN_IDENTITY = "iPhone Developer";
				COPY_PHASE_STRIP = NO;
				DEBUG_INFORMATION_FORMAT = "dwarf-with-dsym";
				ENABLE_NS_ASSERTIONS = NO;
				ENABLE_STRICT_OBJC_MSGSEND = YES;
				GCC_C_LANGUAGE_STANDARD = gnu11;
				GCC_NO_COMMON_BLOCKS = YES;
				GCC_WARN_64_TO_32_BIT_CONVERSION = YES;
				GCC_WARN_ABOUT_RETURN_TYPE = YES_ERROR;
				GCC_WARN_UNDECLARED_SELECTOR = YES;
				GCC_WARN_UNINITIALIZED_AUTOS = YES_AGGRESSIVE;
				GCC_WARN_UNUSED_FUNCTION = YES;
				GCC_WARN_UNUSED_VARIABLE = YES;
				IPHONEOS_DEPLOYMENT_TARGET = 11.0;
				MTL_ENABLE_DEBUG_INFO = NO;
				SDKROOT = iphoneos;
				SWIFT_OPTIMIZATION_LEVEL = "-Owholemodule";
				VALIDATE_PRODUCT = YES;
			};
			name = Release;
		};
		08CD9E801FBDE41C00A4C0F3 /* Debug */ = {
			isa = XCBuildConfiguration;
			buildSettings = {
				ASSETCATALOG_COMPILER_APPICON_NAME = AppIcon;
				CODE_SIGN_STYLE = Automatic;
				DEVELOPMENT_TEAM = 9GDJ425SV6;
				INFOPLIST_FILE = "initiation-swift-tp/Info.plist";
				LD_RUNPATH_SEARCH_PATHS = "$(inherited) @executable_path/Frameworks";
				PRODUCT_BUNDLE_IDENTIFIER = "com.esgi.cours.initiation-swift-tp";
				PRODUCT_NAME = "$(TARGET_NAME)";
				SWIFT_VERSION = 4.0;
				TARGETED_DEVICE_FAMILY = "1,2";
			};
			name = Debug;
		};
		08CD9E811FBDE41C00A4C0F3 /* Release */ = {
			isa = XCBuildConfiguration;
			buildSettings = {
				ASSETCATALOG_COMPILER_APPICON_NAME = AppIcon;
				CODE_SIGN_STYLE = Automatic;
				DEVELOPMENT_TEAM = 9GDJ425SV6;
				INFOPLIST_FILE = "initiation-swift-tp/Info.plist";
				LD_RUNPATH_SEARCH_PATHS = "$(inherited) @executable_path/Frameworks";
				PRODUCT_BUNDLE_IDENTIFIER = "com.esgi.cours.initiation-swift-tp";
				PRODUCT_NAME = "$(TARGET_NAME)";
				SWIFT_VERSION = 4.0;
				TARGETED_DEVICE_FAMILY = "1,2";
			};
			name = Release;
		};
/* End XCBuildConfiguration section */

/* Begin XCConfigurationList section */
		08CD9E681FBDE41C00A4C0F3 /* Build configuration list for PBXProject "initiation-swift-tp" */ = {
			isa = XCConfigurationList;
			buildConfigurations = (
				08CD9E7D1FBDE41C00A4C0F3 /* Debug */,
				08CD9E7E1FBDE41C00A4C0F3 /* Release */,
			);
			defaultConfigurationIsVisible = 0;
			defaultConfigurationName = Release;
		};
		08CD9E7F1FBDE41C00A4C0F3 /* Build configuration list for PBXNativeTarget "initiation-swift-tp" */ = {
			isa = XCConfigurationList;
			buildConfigurations = (
				08CD9E801FBDE41C00A4C0F3 /* Debug */,
				08CD9E811FBDE41C00A4C0F3 /* Release */,
			);
			defaultConfigurationIsVisible = 0;
			defaultConfigurationName = Release;
		};
/* End XCConfigurationList section */
	};
	rootObject = 08CD9E651FBDE41C00A4C0F3 /* Project object */;
}
